
Microsoft Visual Studio Solution File, Format Version 12.00
# Visual Studio 15
VisualStudioVersion = 15.0.26228.9
MinimumVisualStudioVersion = 10.0.40219.1
Project("{2150E333-8FDC-42A3-9474-1A3956D46DE8}") = "web", "web", "{57D6491B-EDBD-489D-A604-C83BCA19C172}"
EndProject
Project("{2150E333-8FDC-42A3-9474-1A3956D46DE8}") = "domain", "domain", "{3BA7C0A2-EBC5-4E55-A398-D7E8BC315B26}"
EndProject
Project("{9A19103F-16F7-4668-BE54-9A1E7A4F7556}") = "urlshortener.domain.model", "urlshortener.domain.model\urlshortener.domain.model.csproj", "{A520D46D-C1E9-4079-B0AB-7C4E74E641D9}"
EndProject
Project("{9A19103F-16F7-4668-BE54-9A1E7A4F7556}") = "urlshortener.domain.data", "urlshortener.domain.data\urlshortener.domain.data.csproj", "{8650BDD5-EF25-4904-8A2B-21F2023BA6F1}"
EndProject
Project("{9A19103F-16F7-4668-BE54-9A1E7A4F7556}") = "urlshortener.web", "urlshortener.web\urlshortener.web.csproj", "{D4DE9861-115C-4847-A65A-8FE302485A7E}"
EndProject
Project("{9A19103F-16F7-4668-BE54-9A1E7A4F7556}") = "urlshortener.web.tests", "urlshortener.web.tests\urlshortener.web.tests.csproj", "{953837DB-001D-4481-A9A5-AC327D4072C8}"
EndProject
Project("{E53339B2-1760-4266-BCC7-CA923CBCF16C}") = "docker-compose", "docker-compose.dcproj", "{21747B4B-A553-48FA-AC29-2CC1FAE7E9DB}"
EndProject
Project("{9A19103F-16F7-4668-BE54-9A1E7A4F7556}") = "urlshortener.web.integration.tests", "urlshortener.web.integration.tests\urlshortener.web.integration.tests.csproj", "{375BAABB-1FF0-4211-9DDC-7F662FD8E38E}"
EndProject
Project("{FAE04EC0-301F-11D3-BF4B-00C04F79EFBC}") = "urlshortener.domain.data.integration.tests", "..\urlshortener.domain.data.integration.tests\urlshortener.domain.data.integration.tests.csproj", "{D003E25E-B944-4CCC-8AA1-8E3B47B256B2}"
EndProject
Global
	GlobalSection(SolutionConfigurationPlatforms) = preSolution
		Debug|Any CPU = Debug|Any CPU
		Release|Any CPU = Release|Any CPU
	EndGlobalSection
	GlobalSection(ProjectConfigurationPlatforms) = postSolution
		{A520D46D-C1E9-4079-B0AB-7C4E74E641D9}.Debug|Any CPU.ActiveCfg = Debug|Any CPU
		{A520D46D-C1E9-4079-B0AB-7C4E74E641D9}.Debug|Any CPU.Build.0 = Debug|Any CPU
		{A520D46D-C1E9-4079-B0AB-7C4E74E641D9}.Release|Any CPU.ActiveCfg = Release|Any CPU
		{A520D46D-C1E9-4079-B0AB-7C4E74E641D9}.Release|Any CPU.Build.0 = Release|Any CPU
		{8650BDD5-EF25-4904-8A2B-21F2023BA6F1}.Debug|Any CPU.ActiveCfg = Debug|Any CPU
		{8650BDD5-EF25-4904-8A2B-21F2023BA6F1}.Debug|Any CPU.Build.0 = Debug|Any CPU
		{8650BDD5-EF25-4904-8A2B-21F2023BA6F1}.Release|Any CPU.ActiveCfg = Release|Any CPU
		{8650BDD5-EF25-4904-8A2B-21F2023BA6F1}.Release|Any CPU.Build.0 = Release|Any CPU
		{D4DE9861-115C-4847-A65A-8FE302485A7E}.Debug|Any CPU.ActiveCfg = Debug|Any CPU
		{D4DE9861-115C-4847-A65A-8FE302485A7E}.Debug|Any CPU.Build.0 = Debug|Any CPU
		{D4DE9861-115C-4847-A65A-8FE302485A7E}.Release|Any CPU.ActiveCfg = Release|Any CPU
		{D4DE9861-115C-4847-A65A-8FE302485A7E}.Release|Any CPU.Build.0 = Release|Any CPU
		{953837DB-001D-4481-A9A5-AC327D4072C8}.Debug|Any CPU.ActiveCfg = Debug|Any CPU
		{953837DB-001D-4481-A9A5-AC327D4072C8}.Debug|Any CPU.Build.0 = Debug|Any CPU
		{953837DB-001D-4481-A9A5-AC327D4072C8}.Release|Any CPU.ActiveCfg = Release|Any CPU
		{953837DB-001D-4481-A9A5-AC327D4072C8}.Release|Any CPU.Build.0 = Release|Any CPU
		{21747B4B-A553-48FA-AC29-2CC1FAE7E9DB}.Debug|Any CPU.ActiveCfg = Debug|Any CPU
		{21747B4B-A553-48FA-AC29-2CC1FAE7E9DB}.Debug|Any CPU.Build.0 = Debug|Any CPU
		{21747B4B-A553-48FA-AC29-2CC1FAE7E9DB}.Release|Any CPU.ActiveCfg = Release|Any CPU
		{21747B4B-A553-48FA-AC29-2CC1FAE7E9DB}.Release|Any CPU.Build.0 = Release|Any CPU
		{375BAABB-1FF0-4211-9DDC-7F662FD8E38E}.Debug|Any CPU.ActiveCfg = Debug|Any CPU
		{375BAABB-1FF0-4211-9DDC-7F662FD8E38E}.Debug|Any CPU.Build.0 = Debug|Any CPU
		{375BAABB-1FF0-4211-9DDC-7F662FD8E38E}.Release|Any CPU.ActiveCfg = Release|Any CPU
		{375BAABB-1FF0-4211-9DDC-7F662FD8E38E}.Release|Any CPU.Build.0 = Release|Any CPU
		{D003E25E-B944-4CCC-8AA1-8E3B47B256B2}.Debug|Any CPU.ActiveCfg = Debug|Any CPU
		{D003E25E-B944-4CCC-8AA1-8E3B47B256B2}.Debug|Any CPU.Build.0 = Debug|Any CPU
		{D003E25E-B944-4CCC-8AA1-8E3B47B256B2}.Release|Any CPU.ActiveCfg = Release|Any CPU
		{D003E25E-B944-4CCC-8AA1-8E3B47B256B2}.Release|Any CPU.Build.0 = Release|Any CPU
	EndGlobalSection
	GlobalSection(SolutionProperties) = preSolution
		HideSolutionNode = FALSE
	EndGlobalSection
	GlobalSection(NestedProjects) = preSolution
		{A520D46D-C1E9-4079-B0AB-7C4E74E641D9} = {3BA7C0A2-EBC5-4E55-A398-D7E8BC315B26}
		{8650BDD5-EF25-4904-8A2B-21F2023BA6F1} = {3BA7C0A2-EBC5-4E55-A398-D7E8BC315B26}
		{D4DE9861-115C-4847-A65A-8FE302485A7E} = {57D6491B-EDBD-489D-A604-C83BCA19C172}
		{953837DB-001D-4481-A9A5-AC327D4072C8} = {57D6491B-EDBD-489D-A604-C83BCA19C172}
		{21747B4B-A553-48FA-AC29-2CC1FAE7E9DB} = {57D6491B-EDBD-489D-A604-C83BCA19C172}
		{375BAABB-1FF0-4211-9DDC-7F662FD8E38E} = {57D6491B-EDBD-489D-A604-C83BCA19C172}
		{D003E25E-B944-4CCC-8AA1-8E3B47B256B2} = {3BA7C0A2-EBC5-4E55-A398-D7E8BC315B26}
	EndGlobalSection
EndGlobal
